
Microsoft Visual Studio Solution File, Format Version 12.00
# Visual Studio Version 16
VisualStudioVersion = 16.0.30611.23
MinimumVisualStudioVersion = 10.0.40219.1
Project("{FAE04EC0-301F-11D3-BF4B-00C04F79EFBC}") = "SelfDiagnosisApp.UWP", "SelfDiagnosisApp\SelfDiagnosisApp.UWP\SelfDiagnosisApp.UWP.csproj", "{15122910-CC88-4714-8428-BA7518FFF20E}"
EndProject
Project("{FAE04EC0-301F-11D3-BF4B-00C04F79EFBC}") = "SelfDiagnosisApp.Android", "SelfDiagnosisApp\SelfDiagnosisApp.Android\SelfDiagnosisApp.Android.csproj", "{EA988F99-5C1D-4E5C-8538-DE14EC40F98C}"
EndProject
Project("{FAE04EC0-301F-11D3-BF4B-00C04F79EFBC}") = "SelfDiagnosisApp.iOS", "SelfDiagnosisApp\SelfDiagnosisApp.iOS\SelfDiagnosisApp.iOS.csproj", "{1C46F475-EAE2-44CB-959E-8CBAA2C1DBF9}"
EndProject
Project("{9A19103F-16F7-4668-BE54-9A1E7A4F7556}") = "SelfDiagnosisApp", "SelfDiagnosisApp\SelfDiagnosisApp\SelfDiagnosisApp.csproj", "{B328B5CF-DAD6-436A-A814-B73EC1EE37B7}"
EndProject
Project("{9A19103F-16F7-4668-BE54-9A1E7A4F7556}") = "SelfDiagnosisLibrary", "SelfDiagnosisLibrary\SelfDiagnosisLibrary.csproj", "{20FC5D11-D1CE-48B4-BE2F-EDE92022F838}"
EndProject
Global
	GlobalSection(SolutionConfigurationPlatforms) = preSolution
		Debug|Any CPU = Debug|Any CPU
		Debug|ARM = Debug|ARM
		Debug|iPhone = Debug|iPhone
		Debug|iPhoneSimulator = Debug|iPhoneSimulator
		Debug|x64 = Debug|x64
		Debug|x86 = Debug|x86
		Release|Any CPU = Release|Any CPU
		Release|ARM = Release|ARM
		Release|iPhone = Release|iPhone
		Release|iPhoneSimulator = Release|iPhoneSimulator
		Release|x64 = Release|x64
		Release|x86 = Release|x86
	EndGlobalSection
	GlobalSection(ProjectConfigurationPlatforms) = postSolution
		{15122910-CC88-4714-8428-BA7518FFF20E}.Debug|Any CPU.ActiveCfg = Debug|x86
		{15122910-CC88-4714-8428-BA7518FFF20E}.Debug|Any CPU.Build.0 = Debug|x86
		{15122910-CC88-4714-8428-BA7518FFF20E}.Debug|Any CPU.Deploy.0 = Debug|x86
		{15122910-CC88-4714-8428-BA7518FFF20E}.Debug|ARM.ActiveCfg = Debug|ARM
		{15122910-CC88-4714-8428-BA7518FFF20E}.Debug|ARM.Build.0 = Debug|ARM
		{15122910-CC88-4714-8428-BA7518FFF20E}.Debug|ARM.Deploy.0 = Debug|ARM
		{15122910-CC88-4714-8428-BA7518FFF20E}.Debug|iPhone.ActiveCfg = Debug|x86
		{15122910-CC88-4714-8428-BA7518FFF20E}.Debug|iPhone.Build.0 = Debug|x86
		{15122910-CC88-4714-8428-BA7518FFF20E}.Debug|iPhone.Deploy.0 = Debug|x86
		{15122910-CC88-4714-8428-BA7518FFF20E}.Debug|iPhoneSimulator.ActiveCfg = Debug|x86
		{15122910-CC88-4714-8428-BA7518FFF20E}.Debug|iPhoneSimulator.Build.0 = Debug|x86
		{15122910-CC88-4714-8428-BA7518FFF20E}.Debug|iPhoneSimulator.Deploy.0 = Debug|x86
		{15122910-CC88-4714-8428-BA7518FFF20E}.Debug|x64.ActiveCfg = Debug|x64
		{15122910-CC88-4714-8428-BA7518FFF20E}.Debug|x64.Build.0 = Debug|x64
		{15122910-CC88-4714-8428-BA7518FFF20E}.Debug|x64.Deploy.0 = Debug|x64
		{15122910-CC88-4714-8428-BA7518FFF20E}.Debug|x86.ActiveCfg = Debug|x86
		{15122910-CC88-4714-8428-BA7518FFF20E}.Debug|x86.Build.0 = Debug|x86
		{15122910-CC88-4714-8428-BA7518FFF20E}.Debug|x86.Deploy.0 = Debug|x86
		{15122910-CC88-4714-8428-BA7518FFF20E}.Release|Any CPU.ActiveCfg = Release|x86
		{15122910-CC88-4714-8428-BA7518FFF20E}.Release|Any CPU.Build.0 = Release|x86
		{15122910-CC88-4714-8428-BA7518FFF20E}.Release|Any CPU.Deploy.0 = Release|x86
		{15122910-CC88-4714-8428-BA7518FFF20E}.Release|ARM.ActiveCfg = Release|ARM
		{15122910-CC88-4714-8428-BA7518FFF20E}.Release|ARM.Build.0 = Release|ARM
		{15122910-CC88-4714-8428-BA7518FFF20E}.Release|ARM.Deploy.0 = Release|ARM
		{15122910-CC88-4714-8428-BA7518FFF20E}.Release|iPhone.ActiveCfg = Release|x86
		{15122910-CC88-4714-8428-BA7518FFF20E}.Release|iPhone.Build.0 = Release|x86
		{15122910-CC88-4714-8428-BA7518FFF20E}.Release|iPhone.Deploy.0 = Release|x86
		{15122910-CC88-4714-8428-BA7518FFF20E}.Release|iPhoneSimulator.ActiveCfg = Release|x86
		{15122910-CC88-4714-8428-BA7518FFF20E}.Release|iPhoneSimulator.Build.0 = Release|x86
		{15122910-CC88-4714-8428-BA7518FFF20E}.Release|iPhoneSimulator.Deploy.0 = Release|x86
		{15122910-CC88-4714-8428-BA7518FFF20E}.Release|x64.ActiveCfg = Release|x64
		{15122910-CC88-4714-8428-BA7518FFF20E}.Release|x64.Build.0 = Release|x64
		{15122910-CC88-4714-8428-BA7518FFF20E}.Release|x64.Deploy.0 = Release|x64
		{15122910-CC88-4714-8428-BA7518FFF20E}.Release|x86.ActiveCfg = Release|x86
		{15122910-CC88-4714-8428-BA7518FFF20E}.Release|x86.Build.0 = Release|x86
		{15122910-CC88-4714-8428-BA7518FFF20E}.Release|x86.Deploy.0 = Release|x86
		{EA988F99-5C1D-4E5C-8538-DE14EC40F98C}.Debug|Any CPU.ActiveCfg = Debug|Any CPU
		{EA988F99-5C1D-4E5C-8538-DE14EC40F98C}.Debug|Any CPU.Build.0 = Debug|Any CPU
		{EA988F99-5C1D-4E5C-8538-DE14EC40F98C}.Debug|Any CPU.Deploy.0 = Debug|Any CPU
		{EA988F99-5C1D-4E5C-8538-DE14EC40F98C}.Debug|ARM.ActiveCfg = Debug|Any CPU
		{EA988F99-5C1D-4E5C-8538-DE14EC40F98C}.Debug|ARM.Build.0 = Debug|Any CPU
		{EA988F99-5C1D-4E5C-8538-DE14EC40F98C}.Debug|ARM.Deploy.0 = Debug|Any CPU
		{EA988F99-5C1D-4E5C-8538-DE14EC40F98C}.Debug|iPhone.ActiveCfg = Debug|Any CPU
		{EA988F99-5C1D-4E5C-8538-DE14EC40F98C}.Debug|iPhone.Build.0 = Debug|Any CPU
		{EA988F99-5C1D-4E5C-8538-DE14EC40F98C}.Debug|iPhone.Deploy.0 = Debug|Any CPU
		{EA988F99-5C1D-4E5C-8538-DE14EC40F98C}.Debug|iPhoneSimulator.ActiveCfg = Debug|Any CPU
		{EA988F99-5C1D-4E5C-8538-DE14EC40F98C}.Debug|iPhoneSimulator.Build.0 = Debug|Any CPU
		{EA988F99-5C1D-4E5C-8538-DE14EC40F98C}.Debug|iPhoneSimulator.Deploy.0 = Debug|Any CPU
		{EA988F99-5C1D-4E5C-8538-DE14EC40F98C}.Debug|x64.ActiveCfg = Debug|Any CPU
		{EA988F99-5C1D-4E5C-8538-DE14EC40F98C}.Debug|x64.Build.0 = Debug|Any CPU
		{EA988F99-5C1D-4E5C-8538-DE14EC40F98C}.Debug|x64.Deploy.0 = Debug|Any CPU
		{EA988F99-5C1D-4E5C-8538-DE14EC40F98C}.Debug|x86.ActiveCfg = Debug|Any CPU
		{EA988F99-5C1D-4E5C-8538-DE14EC40F98C}.Debug|x86.Build.0 = Debug|Any CPU
		{EA988F99-5C1D-4E5C-8538-DE14EC40F98C}.Debug|x86.Deploy.0 = Debug|Any CPU
		{EA988F99-5C1D-4E5C-8538-DE14EC40F98C}.Release|Any CPU.ActiveCfg = Release|Any CPU
		{EA988F99-5C1D-4E5C-8538-DE14EC40F98C}.Release|Any CPU.Build.0 = Release|Any CPU
		{EA988F99-5C1D-4E5C-8538-DE14EC40F98C}.Release|Any CPU.Deploy.0 = Release|Any CPU
		{EA988F99-5C1D-4E5C-8538-DE14EC40F98C}.Release|ARM.ActiveCfg = Release|Any CPU
		{EA988F99-5C1D-4E5C-8538-DE14EC40F98C}.Release|ARM.Build.0 = Release|Any CPU
		{EA988F99-5C1D-4E5C-8538-DE14EC40F98C}.Release|ARM.Deploy.0 = Release|Any CPU
		{EA988F99-5C1D-4E5C-8538-DE14EC40F98C}.Release|iPhone.ActiveCfg = Release|Any CPU
		{EA988F99-5C1D-4E5C-8538-DE14EC40F98C}.Release|iPhone.Build.0 = Release|Any CPU
		{EA988F99-5C1D-4E5C-8538-DE14EC40F98C}.Release|iPhone.Deploy.0 = Release|Any CPU
		{EA988F99-5C1D-4E5C-8538-DE14EC40F98C}.Release|iPhoneSimulator.ActiveCfg = Release|Any CPU
		{EA988F99-5C1D-4E5C-8538-DE14EC40F98C}.Release|iPhoneSimulator.Build.0 = Release|Any CPU
		{EA988F99-5C1D-4E5C-8538-DE14EC40F98C}.Release|iPhoneSimulator.Deploy.0 = Release|Any CPU
		{EA988F99-5C1D-4E5C-8538-DE14EC40F98C}.Release|x64.ActiveCfg = Release|Any CPU
		{EA988F99-5C1D-4E5C-8538-DE14EC40F98C}.Release|x64.Build.0 = Release|Any CPU
		{EA988F99-5C1D-4E5C-8538-DE14EC40F98C}.Release|x64.Deploy.0 = Release|Any CPU
		{EA988F99-5C1D-4E5C-8538-DE14EC40F98C}.Release|x86.ActiveCfg = Release|Any CPU
		{EA988F99-5C1D-4E5C-8538-DE14EC40F98C}.Release|x86.Build.0 = Release|Any CPU
		{EA988F99-5C1D-4E5C-8538-DE14EC40F98C}.Release|x86.Deploy.0 = Release|Any CPU
		{1C46F475-EAE2-44CB-959E-8CBAA2C1DBF9}.Debug|Any CPU.ActiveCfg = Debug|iPhoneSimulator
		{1C46F475-EAE2-44CB-959E-8CBAA2C1DBF9}.Debug|Any CPU.Build.0 = Debug|iPhoneSimulator
		{1C46F475-EAE2-44CB-959E-8CBAA2C1DBF9}.Debug|Any CPU.Deploy.0 = Debug|iPhoneSimulator
		{1C46F475-EAE2-44CB-959E-8CBAA2C1DBF9}.Debug|ARM.ActiveCfg = Debug|iPhone
		{1C46F475-EAE2-44CB-959E-8CBAA2C1DBF9}.Debug|ARM.Build.0 = Debug|iPhone
		{1C46F475-EAE2-44CB-959E-8CBAA2C1DBF9}.Debug|ARM.Deploy.0 = Debug|iPhone
		{1C46F475-EAE2-44CB-959E-8CBAA2C1DBF9}.Debug|iPhone.ActiveCfg = Debug|iPhone
		{1C46F475-EAE2-44CB-959E-8CBAA2C1DBF9}.Debug|iPhone.Build.0 = Debug|iPhone
		{1C46F475-EAE2-44CB-959E-8CBAA2C1DBF9}.Debug|iPhone.Deploy.0 = Debug|iPhone
		{1C46F475-EAE2-44CB-959E-8CBAA2C1DBF9}.Debug|iPhoneSimulator.ActiveCfg = Debug|iPhoneSimulator
		{1C46F475-EAE2-44CB-959E-8CBAA2C1DBF9}.Debug|iPhoneSimulator.Build.0 = Debug|iPhoneSimulator
		{1C46F475-EAE2-44CB-959E-8CBAA2C1DBF9}.Debug|iPhoneSimulator.Deploy.0 = Debug|iPhoneSimulator
		{1C46F475-EAE2-44CB-959E-8CBAA2C1DBF9}.Debug|x64.ActiveCfg = Debug|iPhoneSimulator
		{1C46F475-EAE2-44CB-959E-8CBAA2C1DBF9}.Debug|x64.Build.0 = Debug|iPhoneSimulator
		{1C46F475-EAE2-44CB-959E-8CBAA2C1DBF9}.Debug|x64.Deploy.0 = Debug|iPhoneSimulator
		{1C46F475-EAE2-44CB-959E-8CBAA2C1DBF9}.Debug|x86.ActiveCfg = Debug|iPhoneSimulator
		{1C46F475-EAE2-44CB-959E-8CBAA2C1DBF9}.Debug|x86.Build.0 = Debug|iPhoneSimulator
		{1C46F475-EAE2-44CB-959E-8CBAA2C1DBF9}.Debug|x86.Deploy.0 = Debug|iPhoneSimulator
		{1C46F475-EAE2-44CB-959E-8CBAA2C1DBF9}.Release|Any CPU.ActiveCfg = Release|iPhoneSimulator
		{1C46F475-EAE2-44CB-959E-8CBAA2C1DBF9}.Release|Any CPU.Build.0 = Release|iPhoneSimulator
		{1C46F475-EAE2-44CB-959E-8CBAA2C1DBF9}.Release|Any CPU.Deploy.0 = Release|iPhoneSimulator
		{1C46F475-EAE2-44CB-959E-8CBAA2C1DBF9}.Release|ARM.ActiveCfg = Release|iPhoneSimulator
		{1C46F475-EAE2-44CB-959E-8CBAA2C1DBF9}.Release|ARM.Build.0 = Release|iPhoneSimulator
		{1C46F475-EAE2-44CB-959E-8CBAA2C1DBF9}.Release|ARM.Deploy.0 = Release|iPhoneSimulator
		{1C46F475-EAE2-44CB-959E-8CBAA2C1DBF9}.Release|iPhone.ActiveCfg = Release|iPhone
		{1C46F475-EAE2-44CB-959E-8CBAA2C1DBF9}.Release|iPhone.Build.0 = Release|iPhone
		{1C46F475-EAE2-44CB-959E-8CBAA2C1DBF9}.Release|iPhone.Deploy.0 = Release|iPhone
		{1C46F475-EAE2-44CB-959E-8CBAA2C1DBF9}.Release|iPhoneSimulator.ActiveCfg = Release|iPhoneSimulator
		{1C46F475-EAE2-44CB-959E-8CBAA2C1DBF9}.Release|iPhoneSimulator.Build.0 = Release|iPhoneSimulator
		{1C46F475-EAE2-44CB-959E-8CBAA2C1DBF9}.Release|iPhoneSimulator.Deploy.0 = Release|iPhoneSimulator
		{1C46F475-EAE2-44CB-959E-8CBAA2C1DBF9}.Release|x64.ActiveCfg = Release|iPhoneSimulator
		{1C46F475-EAE2-44CB-959E-8CBAA2C1DBF9}.Release|x64.Build.0 = Release|iPhoneSimulator
		{1C46F475-EAE2-44CB-959E-8CBAA2C1DBF9}.Release|x64.Deploy.0 = Release|iPhoneSimulator
		{1C46F475-EAE2-44CB-959E-8CBAA2C1DBF9}.Release|x86.ActiveCfg = Release|iPhoneSimulator
		{1C46F475-EAE2-44CB-959E-8CBAA2C1DBF9}.Release|x86.Build.0 = Release|iPhoneSimulator
		{1C46F475-EAE2-44CB-959E-8CBAA2C1DBF9}.Release|x86.Deploy.0 = Release|iPhoneSimulator
		{B328B5CF-DAD6-436A-A814-B73EC1EE37B7}.Debug|Any CPU.ActiveCfg = Debug|Any CPU
		{B328B5CF-DAD6-436A-A814-B73EC1EE37B7}.Debug|Any CPU.Build.0 = Debug|Any CPU
		{B328B5CF-DAD6-436A-A814-B73EC1EE37B7}.Debug|Any CPU.Deploy.0 = Debug|Any CPU
		{B328B5CF-DAD6-436A-A814-B73EC1EE37B7}.Debug|ARM.ActiveCfg = Debug|Any CPU
		{B328B5CF-DAD6-436A-A814-B73EC1EE37B7}.Debug|ARM.Build.0 = Debug|Any CPU
		{B328B5CF-DAD6-436A-A814-B73EC1EE37B7}.Debug|ARM.Deploy.0 = Debug|Any CPU
		{B328B5CF-DAD6-436A-A814-B73EC1EE37B7}.Debug|iPhone.ActiveCfg = Debug|Any CPU
		{B328B5CF-DAD6-436A-A814-B73EC1EE37B7}.Debug|iPhone.Build.0 = Debug|Any CPU
		{B328B5CF-DAD6-436A-A814-B73EC1EE37B7}.Debug|iPhone.Deploy.0 = Debug|Any CPU
		{B328B5CF-DAD6-436A-A814-B73EC1EE37B7}.Debug|iPhoneSimulator.ActiveCfg = Debug|Any CPU
		{B328B5CF-DAD6-436A-A814-B73EC1EE37B7}.Debug|iPhoneSimulator.Build.0 = Debug|Any CPU
		{B328B5CF-DAD6-436A-A814-B73EC1EE37B7}.Debug|iPhoneSimulator.Deploy.0 = Debug|Any CPU
		{B328B5CF-DAD6-436A-A814-B73EC1EE37B7}.Debug|x64.ActiveCfg = Debug|Any CPU
		{B328B5CF-DAD6-436A-A814-B73EC1EE37B7}.Debug|x64.Build.0 = Debug|Any CPU
		{B328B5CF-DAD6-436A-A814-B73EC1EE37B7}.Debug|x64.Deploy.0 = Debug|Any CPU
		{B328B5CF-DAD6-436A-A814-B73EC1EE37B7}.Debug|x86.ActiveCfg = Debug|Any CPU
		{B328B5CF-DAD6-436A-A814-B73EC1EE37B7}.Debug|x86.Build.0 = Debug|Any CPU
		{B328B5CF-DAD6-436A-A814-B73EC1EE37B7}.Debug|x86.Deploy.0 = Debug|Any CPU
		{B328B5CF-DAD6-436A-A814-B73EC1EE37B7}.Release|Any CPU.ActiveCfg = Release|Any CPU
		{B328B5CF-DAD6-436A-A814-B73EC1EE37B7}.Release|Any CPU.Build.0 = Release|Any CPU
		{B328B5CF-DAD6-436A-A814-B73EC1EE37B7}.Release|Any CPU.Deploy.0 = Release|Any CPU
		{B328B5CF-DAD6-436A-A814-B73EC1EE37B7}.Release|ARM.ActiveCfg = Release|Any CPU
		{B328B5CF-DAD6-436A-A814-B73EC1EE37B7}.Release|ARM.Build.0 = Release|Any CPU
		{B328B5CF-DAD6-436A-A814-B73EC1EE37B7}.Release|ARM.Deploy.0 = Release|Any CPU
		{B328B5CF-DAD6-436A-A814-B73EC1EE37B7}.Release|iPhone.ActiveCfg = Release|Any CPU
		{B328B5CF-DAD6-436A-A814-B73EC1EE37B7}.Release|iPhone.Build.0 = Release|Any CPU
		{B328B5CF-DAD6-436A-A814-B73EC1EE37B7}.Release|iPhone.Deploy.0 = Release|Any CPU
		{B328B5CF-DAD6-436A-A814-B73EC1EE37B7}.Release|iPhoneSimulator.ActiveCfg = Release|Any CPU
		{B328B5CF-DAD6-436A-A814-B73EC1EE37B7}.Release|iPhoneSimulator.Build.0 = Release|Any CPU
		{B328B5CF-DAD6-436A-A814-B73EC1EE37B7}.Release|iPhoneSimulator.Deploy.0 = Release|Any CPU
		{B328B5CF-DAD6-436A-A814-B73EC1EE37B7}.Release|x64.ActiveCfg = Release|Any CPU
		{B328B5CF-DAD6-436A-A814-B73EC1EE37B7}.Release|x64.Build.0 = Release|Any CPU
		{B328B5CF-DAD6-436A-A814-B73EC1EE37B7}.Release|x64.Deploy.0 = Release|Any CPU
		{B328B5CF-DAD6-436A-A814-B73EC1EE37B7}.Release|x86.ActiveCfg = Release|Any CPU
		{B328B5CF-DAD6-436A-A814-B73EC1EE37B7}.Release|x86.Build.0 = Release|Any CPU
		{B328B5CF-DAD6-436A-A814-B73EC1EE37B7}.Release|x86.Deploy.0 = Release|Any CPU
		{20FC5D11-D1CE-48B4-BE2F-EDE92022F838}.Debug|Any CPU.ActiveCfg = Debug|Any CPU
		{20FC5D11-D1CE-48B4-BE2F-EDE92022F838}.Debug|Any CPU.Build.0 = Debug|Any CPU
		{20FC5D11-D1CE-48B4-BE2F-EDE92022F838}.Debug|ARM.ActiveCfg = Debug|Any CPU
		{20FC5D11-D1CE-48B4-BE2F-EDE92022F838}.Debug|ARM.Build.0 = Debug|Any CPU
		{20FC5D11-D1CE-48B4-BE2F-EDE92022F838}.Debug|iPhone.ActiveCfg = Debug|Any CPU
		{20FC5D11-D1CE-48B4-BE2F-EDE92022F838}.Debug|iPhone.Build.0 = Debug|Any CPU
		{20FC5D11-D1CE-48B4-BE2F-EDE92022F838}.Debug|iPhoneSimulator.ActiveCfg = Debug|Any CPU
		{20FC5D11-D1CE-48B4-BE2F-EDE92022F838}.Debug|iPhoneSimulator.Build.0 = Debug|Any CPU
		{20FC5D11-D1CE-48B4-BE2F-EDE92022F838}.Debug|x64.ActiveCfg = Debug|Any CPU
		{20FC5D11-D1CE-48B4-BE2F-EDE92022F838}.Debug|x64.Build.0 = Debug|Any CPU
		{20FC5D11-D1CE-48B4-BE2F-EDE92022F838}.Debug|x86.ActiveCfg = Debug|Any CPU
		{20FC5D11-D1CE-48B4-BE2F-EDE92022F838}.Debug|x86.Build.0 = Debug|Any CPU
		{20FC5D11-D1CE-48B4-BE2F-EDE92022F838}.Release|Any CPU.ActiveCfg = Release|Any CPU
		{20FC5D11-D1CE-48B4-BE2F-EDE92022F838}.Release|Any CPU.Build.0 = Release|Any CPU
		{20FC5D11-D1CE-48B4-BE2F-EDE92022F838}.Release|ARM.ActiveCfg = Release|Any CPU
		{20FC5D11-D1CE-48B4-BE2F-EDE92022F838}.Release|ARM.Build.0 = Release|Any CPU
		{20FC5D11-D1CE-48B4-BE2F-EDE92022F838}.Release|iPhone.ActiveCfg = Release|Any CPU
		{20FC5D11-D1CE-48B4-BE2F-EDE92022F838}.Release|iPhone.Build.0 = Release|Any CPU
		{20FC5D11-D1CE-48B4-BE2F-EDE92022F838}.Release|iPhoneSimulator.ActiveCfg = Release|Any CPU
		{20FC5D11-D1CE-48B4-BE2F-EDE92022F838}.Release|iPhoneSimulator.Build.0 = Release|Any CPU
		{20FC5D11-D1CE-48B4-BE2F-EDE92022F838}.Release|x64.ActiveCfg = Release|Any CPU
		{20FC5D11-D1CE-48B4-BE2F-EDE92022F838}.Release|x64.Build.0 = Release|Any CPU
		{20FC5D11-D1CE-48B4-BE2F-EDE92022F838}.Release|x86.ActiveCfg = Release|Any CPU
		{20FC5D11-D1CE-48B4-BE2F-EDE92022F838}.Release|x86.Build.0 = Release|Any CPU
	EndGlobalSection
	GlobalSection(SolutionProperties) = preSolution
		HideSolutionNode = FALSE
	EndGlobalSection
	GlobalSection(ExtensibilityGlobals) = postSolution
		SolutionGuid = {46927644-7235-4111-BB2B-203C96830FC1}
	EndGlobalSection
EndGlobal
