
Microsoft Visual Studio Solution File, Format Version 12.00
# Visual Studio Version 16
VisualStudioVersion = 16.0.30611.23
MinimumVisualStudioVersion = 10.0.40219.1
Project("{9A19103F-16F7-4668-BE54-9A1E7A4F7556}") = "SelfDiagnosisLibrary", "SelfDiagnosisLibrary.csproj", "{B398BCD6-26AA-44A5-8215-2FEC3E3392A5}"
EndProject
Global
	GlobalSection(SolutionConfigurationPlatforms) = preSolution
		Debug|Any CPU = Debug|Any CPU
		Release|Any CPU = Release|Any CPU
	EndGlobalSection
	GlobalSection(ProjectConfigurationPlatforms) = postSolution
		{B398BCD6-26AA-44A5-8215-2FEC3E3392A5}.Debug|Any CPU.ActiveCfg = Debug|Any CPU
		{B398BCD6-26AA-44A5-8215-2FEC3E3392A5}.Debug|Any CPU.Build.0 = Debug|Any CPU
		{B398BCD6-26AA-44A5-8215-2FEC3E3392A5}.Release|Any CPU.ActiveCfg = Release|Any CPU
		{B398BCD6-26AA-44A5-8215-2FEC3E3392A5}.Release|Any CPU.Build.0 = Release|Any CPU
	EndGlobalSection
	GlobalSection(SolutionProperties) = preSolution
		HideSolutionNode = FALSE
	EndGlobalSection
	GlobalSection(ExtensibilityGlobals) = postSolution
		SolutionGuid = {A3708421-5393-4954-829B-59240B1A24E0}
	EndGlobalSection
EndGlobal
