
Microsoft Visual Studio Solution File, Format Version 12.00
# Visual Studio Version 16
VisualStudioVersion = 16.0.30717.126
MinimumVisualStudioVersion = 10.0.40219.1
Project("{FAE04EC0-301F-11D3-BF4B-00C04F79EFBC}") = "WinFormsApp1", "WinFormsApp1\WinFormsApp1.csproj", "{FC9258BA-84C7-477F-B0BC-E135437CBC20}"
EndProject
Global
	GlobalSection(SolutionConfigurationPlatforms) = preSolution
		Debug|Any CPU = Debug|Any CPU
		Release|Any CPU = Release|Any CPU
	EndGlobalSection
	GlobalSection(ProjectConfigurationPlatforms) = postSolution
		{FC9258BA-84C7-477F-B0BC-E135437CBC20}.Debug|Any CPU.ActiveCfg = Debug|Any CPU
		{FC9258BA-84C7-477F-B0BC-E135437CBC20}.Debug|Any CPU.Build.0 = Debug|Any CPU
		{FC9258BA-84C7-477F-B0BC-E135437CBC20}.Release|Any CPU.ActiveCfg = Release|Any CPU
		{FC9258BA-84C7-477F-B0BC-E135437CBC20}.Release|Any CPU.Build.0 = Release|Any CPU
	EndGlobalSection
	GlobalSection(SolutionProperties) = preSolution
		HideSolutionNode = FALSE
	EndGlobalSection
	GlobalSection(ExtensibilityGlobals) = postSolution
		SolutionGuid = {4A115875-6D25-448F-9B19-C188F26F13BE}
	EndGlobalSection
EndGlobal
